
Microsoft Visual Studio Solution File, Format Version 12.00
# Visual Studio 15
VisualStudioVersion = 15.0.27130.2027
MinimumVisualStudioVersion = 10.0.40219.1
Project("{2150E333-8FDC-42A3-9474-1A3956D46DE8}") = "library-source", "library-source", "{F147B495-A1B4-4315-B2D4-F929BB884AF0}"
EndProject
Project("{2150E333-8FDC-42A3-9474-1A3956D46DE8}") = "externals", "externals", "{1F4A3225-D666-49CA-BAB4-8CEB023CF671}"
EndProject
Project("{2150E333-8FDC-42A3-9474-1A3956D46DE8}") = "test-runners", "test-runners", "{2FADE3FD-5951-4C50-86BC-3A598A7C735C}"
EndProject
Project("{FAE04EC0-301F-11D3-BF4B-00C04F79EFBC}") = "HolisticWare.Core.Math.Matrixes", "..\..\..\source\HolisticWare.Core.Math.Matrixes\HolisticWare.Core.Math.Matrixes.csproj", "{B76F52CA-35F4-4F00-8020-613FF2954F73}"
EndProject
Project("{FAE04EC0-301F-11D3-BF4B-00C04F79EFBC}") = "HolisticWare.Core.Math.Matrixes.Generic", "..\..\..\source\HolisticWare.Core.Math.Matrixes.Generic\HolisticWare.Core.Math.Matrixes.Generic.csproj", "{815168DC-48A6-4FBB-9BE9-D4A89446FD06}"
EndProject
Project("{D954291E-2A0B-460D-934E-DC6B0785DB48}") = "Tests.CommonShared", "..\..\Tests.CommonShared\Tests.CommonShared.shproj", "{13AB4AD2-D077-48E0-B6F2-791BC25EB413}"
EndProject
Project("{D954291E-2A0B-460D-934E-DC6B0785DB48}") = "UnitTests.Common.Utils.Shared", "..\UnitTests.Common.Utils.Shared\UnitTests.Common.Utils.Shared.shproj", "{E390F6DA-9F4B-43A4-8ABF-F9434DF2C70D}"
EndProject
Project("{FAE04EC0-301F-11D3-BF4B-00C04F79EFBC}") = "UnitTests.XUnit", "netstandard10\UnitTests.XUnit\UnitTests.XUnit.csproj", "{E9529B40-7CDB-46F6-B49F-416F53E286D1}"
EndProject
Project("{FAE04EC0-301F-11D3-BF4B-00C04F79EFBC}") = "UnitTests.NUnit.XamarinIOS", "netstandard10\UnitTests.NUnit.XamarinIOS\UnitTests.NUnit.XamarinIOS.csproj", "{454143FE-45E8-48CE-AE04-71BFB0B413DB}"
EndProject
Global
	GlobalSection(SolutionConfigurationPlatforms) = preSolution
		Debug|Any CPU = Debug|Any CPU
		Release|Any CPU = Release|Any CPU
		Debug|iPhoneSimulator = Debug|iPhoneSimulator
		Release|iPhone = Release|iPhone
		Release|iPhoneSimulator = Release|iPhoneSimulator
		Debug|iPhone = Debug|iPhone
	EndGlobalSection
	GlobalSection(ProjectConfigurationPlatforms) = postSolution
		{B76F52CA-35F4-4F00-8020-613FF2954F73}.Debug|Any CPU.ActiveCfg = Debug|Any CPU
		{B76F52CA-35F4-4F00-8020-613FF2954F73}.Debug|Any CPU.Build.0 = Debug|Any CPU
		{B76F52CA-35F4-4F00-8020-613FF2954F73}.Release|Any CPU.ActiveCfg = Release|Any CPU
		{B76F52CA-35F4-4F00-8020-613FF2954F73}.Release|Any CPU.Build.0 = Release|Any CPU
		{B76F52CA-35F4-4F00-8020-613FF2954F73}.Debug|iPhoneSimulator.ActiveCfg = Debug|Any CPU
		{B76F52CA-35F4-4F00-8020-613FF2954F73}.Debug|iPhoneSimulator.Build.0 = Debug|Any CPU
		{B76F52CA-35F4-4F00-8020-613FF2954F73}.Release|iPhone.ActiveCfg = Release|Any CPU
		{B76F52CA-35F4-4F00-8020-613FF2954F73}.Release|iPhone.Build.0 = Release|Any CPU
		{B76F52CA-35F4-4F00-8020-613FF2954F73}.Release|iPhoneSimulator.ActiveCfg = Release|Any CPU
		{B76F52CA-35F4-4F00-8020-613FF2954F73}.Release|iPhoneSimulator.Build.0 = Release|Any CPU
		{B76F52CA-35F4-4F00-8020-613FF2954F73}.Debug|iPhone.ActiveCfg = Debug|Any CPU
		{B76F52CA-35F4-4F00-8020-613FF2954F73}.Debug|iPhone.Build.0 = Debug|Any CPU
		{815168DC-48A6-4FBB-9BE9-D4A89446FD06}.Debug|Any CPU.ActiveCfg = Debug|Any CPU
		{815168DC-48A6-4FBB-9BE9-D4A89446FD06}.Debug|Any CPU.Build.0 = Debug|Any CPU
		{815168DC-48A6-4FBB-9BE9-D4A89446FD06}.Release|Any CPU.ActiveCfg = Release|Any CPU
		{815168DC-48A6-4FBB-9BE9-D4A89446FD06}.Release|Any CPU.Build.0 = Release|Any CPU
		{815168DC-48A6-4FBB-9BE9-D4A89446FD06}.Debug|iPhoneSimulator.ActiveCfg = Debug|Any CPU
		{815168DC-48A6-4FBB-9BE9-D4A89446FD06}.Debug|iPhoneSimulator.Build.0 = Debug|Any CPU
		{815168DC-48A6-4FBB-9BE9-D4A89446FD06}.Release|iPhone.ActiveCfg = Release|Any CPU
		{815168DC-48A6-4FBB-9BE9-D4A89446FD06}.Release|iPhone.Build.0 = Release|Any CPU
		{815168DC-48A6-4FBB-9BE9-D4A89446FD06}.Release|iPhoneSimulator.ActiveCfg = Release|Any CPU
		{815168DC-48A6-4FBB-9BE9-D4A89446FD06}.Release|iPhoneSimulator.Build.0 = Release|Any CPU
		{815168DC-48A6-4FBB-9BE9-D4A89446FD06}.Debug|iPhone.ActiveCfg = Debug|Any CPU
		{815168DC-48A6-4FBB-9BE9-D4A89446FD06}.Debug|iPhone.Build.0 = Debug|Any CPU
		{E9529B40-7CDB-46F6-B49F-416F53E286D1}.Debug|Any CPU.ActiveCfg = Debug|Any CPU
		{E9529B40-7CDB-46F6-B49F-416F53E286D1}.Debug|Any CPU.Build.0 = Debug|Any CPU
		{E9529B40-7CDB-46F6-B49F-416F53E286D1}.Release|Any CPU.ActiveCfg = Release|Any CPU
		{E9529B40-7CDB-46F6-B49F-416F53E286D1}.Release|Any CPU.Build.0 = Release|Any CPU
		{E9529B40-7CDB-46F6-B49F-416F53E286D1}.Debug|iPhoneSimulator.ActiveCfg = Debug|Any CPU
		{E9529B40-7CDB-46F6-B49F-416F53E286D1}.Debug|iPhoneSimulator.Build.0 = Debug|Any CPU
		{E9529B40-7CDB-46F6-B49F-416F53E286D1}.Release|iPhone.ActiveCfg = Release|Any CPU
		{E9529B40-7CDB-46F6-B49F-416F53E286D1}.Release|iPhone.Build.0 = Release|Any CPU
		{E9529B40-7CDB-46F6-B49F-416F53E286D1}.Release|iPhoneSimulator.ActiveCfg = Release|Any CPU
		{E9529B40-7CDB-46F6-B49F-416F53E286D1}.Release|iPhoneSimulator.Build.0 = Release|Any CPU
		{E9529B40-7CDB-46F6-B49F-416F53E286D1}.Debug|iPhone.ActiveCfg = Debug|Any CPU
		{E9529B40-7CDB-46F6-B49F-416F53E286D1}.Debug|iPhone.Build.0 = Debug|Any CPU
		{454143FE-45E8-48CE-AE04-71BFB0B413DB}.Debug|Any CPU.ActiveCfg = Debug|iPhoneSimulator
		{454143FE-45E8-48CE-AE04-71BFB0B413DB}.Debug|Any CPU.Build.0 = Debug|iPhoneSimulator
		{454143FE-45E8-48CE-AE04-71BFB0B413DB}.Release|Any CPU.ActiveCfg = Release|iPhone
		{454143FE-45E8-48CE-AE04-71BFB0B413DB}.Release|Any CPU.Build.0 = Release|iPhone
		{454143FE-45E8-48CE-AE04-71BFB0B413DB}.Debug|iPhoneSimulator.ActiveCfg = Debug|iPhoneSimulator
		{454143FE-45E8-48CE-AE04-71BFB0B413DB}.Debug|iPhoneSimulator.Build.0 = Debug|iPhoneSimulator
		{454143FE-45E8-48CE-AE04-71BFB0B413DB}.Release|iPhone.ActiveCfg = Release|iPhone
		{454143FE-45E8-48CE-AE04-71BFB0B413DB}.Release|iPhone.Build.0 = Release|iPhone
		{454143FE-45E8-48CE-AE04-71BFB0B413DB}.Release|iPhoneSimulator.ActiveCfg = Release|iPhoneSimulator
		{454143FE-45E8-48CE-AE04-71BFB0B413DB}.Release|iPhoneSimulator.Build.0 = Release|iPhoneSimulator
		{454143FE-45E8-48CE-AE04-71BFB0B413DB}.Debug|iPhone.ActiveCfg = Debug|iPhone
		{454143FE-45E8-48CE-AE04-71BFB0B413DB}.Debug|iPhone.Build.0 = Debug|iPhone
	EndGlobalSection
	GlobalSection(NestedProjects) = preSolution
		{B76F52CA-35F4-4F00-8020-613FF2954F73} = {F147B495-A1B4-4315-B2D4-F929BB884AF0}
		{815168DC-48A6-4FBB-9BE9-D4A89446FD06} = {F147B495-A1B4-4315-B2D4-F929BB884AF0}
		{E9529B40-7CDB-46F6-B49F-416F53E286D1} = {2FADE3FD-5951-4C50-86BC-3A598A7C735C}
		{454143FE-45E8-48CE-AE04-71BFB0B413DB} = {2FADE3FD-5951-4C50-86BC-3A598A7C735C}
	EndGlobalSection
EndGlobal
