
Microsoft Visual Studio Solution File, Format Version 12.00
# Visual Studio 15
VisualStudioVersion = 15.0.27130.2027
MinimumVisualStudioVersion = 10.0.40219.1
Project("{FAE04EC0-301F-11D3-BF4B-00C04F79EFBC}") = "HolisticWare.Core.Math.Matrixes.Generic", "HolisticWare.Core.Math.Matrixes.Generic\HolisticWare.Core.Math.Matrixes.Generic.csproj", "{35BE50CE-BD73-4381-A234-960D5C7A6B79}"
EndProject
Project("{FAE04EC0-301F-11D3-BF4B-00C04F79EFBC}") = "HolisticWare.Core.Math.Matrixes", "HolisticWare.Core.Math.Matrixes\HolisticWare.Core.Math.Matrixes.csproj", "{7EBF5CAA-6C67-4B58-9CFF-CB85DE906752}"
EndProject
Global
	GlobalSection(SolutionConfigurationPlatforms) = preSolution
		Debug|Any CPU = Debug|Any CPU
		Release|Any CPU = Release|Any CPU
	EndGlobalSection
	GlobalSection(ProjectConfigurationPlatforms) = postSolution
		{35BE50CE-BD73-4381-A234-960D5C7A6B79}.Debug|Any CPU.ActiveCfg = Debug|Any CPU
		{35BE50CE-BD73-4381-A234-960D5C7A6B79}.Debug|Any CPU.Build.0 = Debug|Any CPU
		{35BE50CE-BD73-4381-A234-960D5C7A6B79}.Release|Any CPU.ActiveCfg = Release|Any CPU
		{35BE50CE-BD73-4381-A234-960D5C7A6B79}.Release|Any CPU.Build.0 = Release|Any CPU
		{7EBF5CAA-6C67-4B58-9CFF-CB85DE906752}.Debug|Any CPU.ActiveCfg = Debug|Any CPU
		{7EBF5CAA-6C67-4B58-9CFF-CB85DE906752}.Debug|Any CPU.Build.0 = Debug|Any CPU
		{7EBF5CAA-6C67-4B58-9CFF-CB85DE906752}.Release|Any CPU.ActiveCfg = Release|Any CPU
		{7EBF5CAA-6C67-4B58-9CFF-CB85DE906752}.Release|Any CPU.Build.0 = Release|Any CPU
	EndGlobalSection
EndGlobal
